# Pins the vendored copy of the canonical readiness validator. Regenerate
# with `nu .readiness/readiness.nu lock --update` after re-vendoring;
# `readiness.nu audit` in dotfiles reports any copy whose sha differs from
# the canonical file.
lock: readiness-lock/v1
contract_version: readiness/v1
validator_sha256: 3edf4897927a5e065b6e6f8b0c5d703a14ea71d2009b39d9e03a664337e21733
source: Eugene3dotdev/dotfiles
source_path: readiness/readiness.nu
source_commit: a17d2a3e343f5e746a5fd9cb0738b06314ee6577
vendored_at: 2026-09-13T14:51:38Z
